{
  "name": "from-academy",
  "version": "1.0.0",
  "lockfileVersion": 1,
  "requires": true,
  "dependencies": {
    "@xmldom/xmldom": {
      "version": "0.8.10",
      "resolved": "https://registry.npmjs.org/@xmldom/xmldom/-/xmldom-0.8.10.tgz",
      "integrity": "sha512-2WALfTl4xo2SkGCYRt6rDTFfk9R1czmBvUQy12gK2KuRKIpWEhcbbzy8EZXtz/jkRqHX8bFEc6FC1HjX4TUWYw=="
    },
    "bootstrap": {
      "version": "5.3.2",
      "resolved": "https://registry.npmjs.org/bootstrap/-/bootstrap-5.3.2.tgz",
      "integrity": "sha512-D32nmNWiQHo94BKHLmOrdjlL05q1c8oxbtBphQFb9Z5to6eGRDCm0QgeaZ4zFBHzfg2++rqa2JkqCcxDy0sH0g=="
    },
    "docxtemplater": {
      "version": "3.39.1",
      "resolved": "https://registry.npmjs.org/docxtemplater/-/docxtemplater-3.39.1.tgz",
      "integrity": "sha512-w7Sqq+HaLrVoLZnjHYo57VqoMn8SV/hnFc5IZ3IKPD3/eDnZLB9pav71lb2yP8SIZIPwJBH/HzE7rxorJn4ynQ==",
      "requires": {
        "@xmldom/xmldom": "^0.8.10"
      }
    }
  }
}
